
Microsoft Visual Studio Solution File, Format Version 12.00
# Visual Studio Version 16
VisualStudioVersion = 16.0.29613.14
MinimumVisualStudioVersion = 10.0.40219.1
Project("{FAE04EC0-301F-11D3-BF4B-00C04F79EFBC}") = "Helper", "Helper.csproj", "{AF790E58-A58F-4216-A13B-F5A1E0529C9A}"
EndProject
Global
	GlobalSection(SolutionConfigurationPlatforms) = preSolution
		Debug|Any CPU = Debug|Any CPU
		Release|Any CPU = Release|Any CPU
	EndGlobalSection
	GlobalSection(ProjectConfigurationPlatforms) = postSolution
		{AF790E58-A58F-4216-A13B-F5A1E0529C9A}.Debug|Any CPU.ActiveCfg = Debug|Any CPU
		{AF790E58-A58F-4216-A13B-F5A1E0529C9A}.Debug|Any CPU.Build.0 = Debug|Any CPU
		{AF790E58-A58F-4216-A13B-F5A1E0529C9A}.Release|Any CPU.ActiveCfg = Release|Any CPU
		{AF790E58-A58F-4216-A13B-F5A1E0529C9A}.Release|Any CPU.Build.0 = Release|Any CPU
	EndGlobalSection
	GlobalSection(SolutionProperties) = preSolution
		HideSolutionNode = FALSE
	EndGlobalSection
	GlobalSection(ExtensibilityGlobals) = postSolution
		SolutionGuid = {0BF402F0-2AC3-44B9-B971-5114E99180CB}
	EndGlobalSection
EndGlobal
