
Microsoft Visual Studio Solution File, Format Version 12.00
# Visual Studio Version 16
VisualStudioVersion = 16.0.29613.14
MinimumVisualStudioVersion = 10.0.40219.1
Project("{9A19103F-16F7-4668-BE54-9A1E7A4F7556}") = "StatsOperations", "StatsOperations.csproj", "{6E9617F7-E29C-445E-9DE6-C848D2FC9B51}"
EndProject
Project("{FAE04EC0-301F-11D3-BF4B-00C04F79EFBC}") = "StatsOperationsTests", "..\StatsOperationsTests\StatsOperationsTests.csproj", "{25B35938-9828-4607-A44A-4E6334AE5B58}"
EndProject
Global
	GlobalSection(SolutionConfigurationPlatforms) = preSolution
		Debug|Any CPU = Debug|Any CPU
		Release|Any CPU = Release|Any CPU
	EndGlobalSection
	GlobalSection(ProjectConfigurationPlatforms) = postSolution
		{6E9617F7-E29C-445E-9DE6-C848D2FC9B51}.Debug|Any CPU.ActiveCfg = Debug|Any CPU
		{6E9617F7-E29C-445E-9DE6-C848D2FC9B51}.Debug|Any CPU.Build.0 = Debug|Any CPU
		{6E9617F7-E29C-445E-9DE6-C848D2FC9B51}.Release|Any CPU.ActiveCfg = Release|Any CPU
		{6E9617F7-E29C-445E-9DE6-C848D2FC9B51}.Release|Any CPU.Build.0 = Release|Any CPU
		{25B35938-9828-4607-A44A-4E6334AE5B58}.Debug|Any CPU.ActiveCfg = Debug|Any CPU
		{25B35938-9828-4607-A44A-4E6334AE5B58}.Debug|Any CPU.Build.0 = Debug|Any CPU
		{25B35938-9828-4607-A44A-4E6334AE5B58}.Release|Any CPU.ActiveCfg = Release|Any CPU
		{25B35938-9828-4607-A44A-4E6334AE5B58}.Release|Any CPU.Build.0 = Release|Any CPU
	EndGlobalSection
	GlobalSection(SolutionProperties) = preSolution
		HideSolutionNode = FALSE
	EndGlobalSection
	GlobalSection(ExtensibilityGlobals) = postSolution
		SolutionGuid = {B909E32D-1C72-4E24-93E1-981A2126A05D}
	EndGlobalSection
EndGlobal
